{
  "name": "Bloom",
  "lockfileVersion": 2,
  "requires": true,
  "packages": {
    "": {
      "dependencies": {
        "kaboom": "^2000.1.6"
      }
    },
    "node_modules/kaboom": {
      "version": "2000.1.6",
      "resolved": "https://registry.npmjs.org/kaboom/-/kaboom-2000.1.6.tgz",
      "integrity": "sha512-OHlgtq47SIMkPXKpNhJhTafM+c3+JUSMScq04pF33dURjgnqy0e4JFqMxReee1BC6kcKVWUXLcLyFhK19f11dg=="
    }
  },
  "dependencies": {
    "kaboom": {
      "version": "2000.1.6",
      "resolved": "https://registry.npmjs.org/kaboom/-/kaboom-2000.1.6.tgz",
      "integrity": "sha512-OHlgtq47SIMkPXKpNhJhTafM+c3+JUSMScq04pF33dURjgnqy0e4JFqMxReee1BC6kcKVWUXLcLyFhK19f11dg=="
    }
  }
}
